
Microsoft Visual Studio Solution File, Format Version 12.00
# Visual Studio 15
VisualStudioVersion = 15.0.27703.2047
MinimumVisualStudioVersion = 10.0.40219.1
Project("{FAE04EC0-301F-11D3-BF4B-00C04F79EFBC}") = "LanguageFeatures", "LanguageFeatures\LanguageFeatures.csproj", "{3F7B0938-1F5D-40F2-8AC1-5B898F764660}"
EndProject
Global
	GlobalSection(SolutionConfigurationPlatforms) = preSolution
		Debug|Any CPU = Debug|Any CPU
		Release|Any CPU = Release|Any CPU
	EndGlobalSection
	GlobalSection(ProjectConfigurationPlatforms) = postSolution
		{3F7B0938-1F5D-40F2-8AC1-5B898F764660}.Debug|Any CPU.ActiveCfg = Debug|Any CPU
		{3F7B0938-1F5D-40F2-8AC1-5B898F764660}.Debug|Any CPU.Build.0 = Debug|Any CPU
		{3F7B0938-1F5D-40F2-8AC1-5B898F764660}.Release|Any CPU.ActiveCfg = Release|Any CPU
		{3F7B0938-1F5D-40F2-8AC1-5B898F764660}.Release|Any CPU.Build.0 = Release|Any CPU
	EndGlobalSection
	GlobalSection(SolutionProperties) = preSolution
		HideSolutionNode = FALSE
	EndGlobalSection
	GlobalSection(ExtensibilityGlobals) = postSolution
		SolutionGuid = {BEA6105D-8A32-45AE-9EBA-D0E9675DF1CC}
	EndGlobalSection
EndGlobal
